
Microsoft Visual Studio Solution File, Format Version 10.00
# Visual Studio 2008
Project("{2150E333-8FDC-42A3-9474-1A3956D46DE8}") = "Library", "Library", "{9A238F98-AC28-485A-A065-39D7B51753A8}"
EndProject
Project("{2150E333-8FDC-42A3-9474-1A3956D46DE8}") = "Test", "Test", "{A818C589-7826-4E53-B7D9-55FAEB9AEE52}"
EndProject
Project("{8BC9CEB8-8B4A-11D0-8D11-00A0C91BC942}") = "rpcservice", "vcproject09\rpcservice\rpcservice.vcproj", "{31DD91F8-07DF-4C5A-A4CF-C8E0C5519449}"
EndProject
Project("{8BC9CEB8-8B4A-11D0-8D11-00A0C91BC942}") = "rpcserver", "vcproject09\rpcserver\rpcserver.vcproj", "{4DCE5A38-EF0E-4C38-84E6-4298E7D25008}"
	ProjectSection(ProjectDependencies) = postProject
		{31DD91F8-07DF-4C5A-A4CF-C8E0C5519449} = {31DD91F8-07DF-4C5A-A4CF-C8E0C5519449}
	EndProjectSection
EndProject
Project("{8BC9CEB8-8B4A-11D0-8D11-00A0C91BC942}") = "rpcclient", "vcproject09\rpcclient\rpcclient.vcproj", "{F32F617D-8FE7-417C-841C-64C53A41F3F4}"
EndProject
Global
	GlobalSection(SolutionConfigurationPlatforms) = preSolution
		Debug|Win32 = Debug|Win32
		Release|Win32 = Release|Win32
	EndGlobalSection
	GlobalSection(ProjectConfigurationPlatforms) = postSolution
		{31DD91F8-07DF-4C5A-A4CF-C8E0C5519449}.Debug|Win32.ActiveCfg = Debug|Win32
		{31DD91F8-07DF-4C5A-A4CF-C8E0C5519449}.Debug|Win32.Build.0 = Debug|Win32
		{31DD91F8-07DF-4C5A-A4CF-C8E0C5519449}.Release|Win32.ActiveCfg = Release|Win32
		{31DD91F8-07DF-4C5A-A4CF-C8E0C5519449}.Release|Win32.Build.0 = Release|Win32
		{4DCE5A38-EF0E-4C38-84E6-4298E7D25008}.Debug|Win32.ActiveCfg = Debug|Win32
		{4DCE5A38-EF0E-4C38-84E6-4298E7D25008}.Debug|Win32.Build.0 = Debug|Win32
		{4DCE5A38-EF0E-4C38-84E6-4298E7D25008}.Release|Win32.ActiveCfg = Release|Win32
		{4DCE5A38-EF0E-4C38-84E6-4298E7D25008}.Release|Win32.Build.0 = Release|Win32
		{F32F617D-8FE7-417C-841C-64C53A41F3F4}.Debug|Win32.ActiveCfg = Debug|Win32
		{F32F617D-8FE7-417C-841C-64C53A41F3F4}.Debug|Win32.Build.0 = Debug|Win32
		{F32F617D-8FE7-417C-841C-64C53A41F3F4}.Release|Win32.ActiveCfg = Release|Win32
		{F32F617D-8FE7-417C-841C-64C53A41F3F4}.Release|Win32.Build.0 = Release|Win32
	EndGlobalSection
	GlobalSection(SolutionProperties) = preSolution
		HideSolutionNode = FALSE
	EndGlobalSection
	GlobalSection(NestedProjects) = preSolution
		{31DD91F8-07DF-4C5A-A4CF-C8E0C5519449} = {9A238F98-AC28-485A-A065-39D7B51753A8}
		{4DCE5A38-EF0E-4C38-84E6-4298E7D25008} = {A818C589-7826-4E53-B7D9-55FAEB9AEE52}
		{F32F617D-8FE7-417C-841C-64C53A41F3F4} = {A818C589-7826-4E53-B7D9-55FAEB9AEE52}
	EndGlobalSection
EndGlobal
